# This file is automatically @generated by Cargo.
# It is not intended for manual editing.
version = 3

[[package]]
name = "bookcase_alloc"
version = "0.0.2"
dependencies = [
 "bookcase_alloc_macros 2.0.0 (registry+https://github.com/rust-lang/crates.io-index)",
]

[[package]]
name = "bookcase_alloc_macros"
version = "2.0.0"

[[package]]
name = "bookcase_alloc_macros"
version = "2.0.0"
source = "registry+https://github.com/rust-lang/crates.io-index"
checksum = "f578844a3374ad152a50096f435dd246b367f74ae61e982bace2126fb9998658"
